
Microsoft Visual Studio Solution File, Format Version 12.00
# Visual Studio 14
VisualStudioVersion = 14.0.24720.0
MinimumVisualStudioVersion = 10.0.40219.1
Project("{FAE04EC0-301F-11D3-BF4B-00C04F79EFBC}") = "DAL", "DAL\DAL.csproj", "{0C2EA49D-1D43-4962-B0CF-D0749B5AA2BB}"
EndProject
Project("{FAE04EC0-301F-11D3-BF4B-00C04F79EFBC}") = "Riganti.Utils.Infrastructure.Core", "Riganti.Utils.Infrastructure.Core\Riganti.Utils.Infrastructure.Core.csproj", "{43943D75-B4C8-4152-80CF-E6510BF3DB23}"
EndProject
Project("{FAE04EC0-301F-11D3-BF4B-00C04F79EFBC}") = "Riganti.Utils.Infrastructure.EntityFramework", "Riganti.Utils.Infrastructure.EntityFramework\Riganti.Utils.Infrastructure.EntityFramework.csproj", "{3C1E4BE0-8351-461D-AF36-746D726CFD48}"
EndProject
Project("{FAE04EC0-301F-11D3-BF4B-00C04F79EFBC}") = "ConsoleApp", "ConsoleApp\ConsoleApp.csproj", "{4B58D62F-C449-43F6-9488-AF8B02CCF676}"
EndProject
Global
	GlobalSection(SolutionConfigurationPlatforms) = preSolution
		Debug|Any CPU = Debug|Any CPU
		Release|Any CPU = Release|Any CPU
	EndGlobalSection
	GlobalSection(ProjectConfigurationPlatforms) = postSolution
		{0C2EA49D-1D43-4962-B0CF-D0749B5AA2BB}.Debug|Any CPU.ActiveCfg = Debug|Any CPU
		{0C2EA49D-1D43-4962-B0CF-D0749B5AA2BB}.Debug|Any CPU.Build.0 = Debug|Any CPU
		{0C2EA49D-1D43-4962-B0CF-D0749B5AA2BB}.Release|Any CPU.ActiveCfg = Release|Any CPU
		{0C2EA49D-1D43-4962-B0CF-D0749B5AA2BB}.Release|Any CPU.Build.0 = Release|Any CPU
		{43943D75-B4C8-4152-80CF-E6510BF3DB23}.Debug|Any CPU.ActiveCfg = Debug|Any CPU
		{43943D75-B4C8-4152-80CF-E6510BF3DB23}.Debug|Any CPU.Build.0 = Debug|Any CPU
		{43943D75-B4C8-4152-80CF-E6510BF3DB23}.Release|Any CPU.ActiveCfg = Release|Any CPU
		{43943D75-B4C8-4152-80CF-E6510BF3DB23}.Release|Any CPU.Build.0 = Release|Any CPU
		{3C1E4BE0-8351-461D-AF36-746D726CFD48}.Debug|Any CPU.ActiveCfg = Debug|Any CPU
		{3C1E4BE0-8351-461D-AF36-746D726CFD48}.Debug|Any CPU.Build.0 = Debug|Any CPU
		{3C1E4BE0-8351-461D-AF36-746D726CFD48}.Release|Any CPU.ActiveCfg = Release|Any CPU
		{3C1E4BE0-8351-461D-AF36-746D726CFD48}.Release|Any CPU.Build.0 = Release|Any CPU
		{4B58D62F-C449-43F6-9488-AF8B02CCF676}.Debug|Any CPU.ActiveCfg = Debug|Any CPU
		{4B58D62F-C449-43F6-9488-AF8B02CCF676}.Debug|Any CPU.Build.0 = Debug|Any CPU
		{4B58D62F-C449-43F6-9488-AF8B02CCF676}.Release|Any CPU.ActiveCfg = Release|Any CPU
		{4B58D62F-C449-43F6-9488-AF8B02CCF676}.Release|Any CPU.Build.0 = Release|Any CPU
	EndGlobalSection
	GlobalSection(SolutionProperties) = preSolution
		HideSolutionNode = FALSE
	EndGlobalSection
	GlobalSection(TeamFoundationVersionControl) = preSolution
		SccNumberOfProjects = 5
		SccEnterpriseProvider = {4CA58AB2-18FA-4F8D-95D4-32DDF27D184C}
		SccTeamFoundationServer = https://josefk.visualstudio.com/
		SccLocalPath0 = .
		SccProjectUniqueName1 = DAL\\DAL.csproj
		SccProjectName1 = DAL
		SccLocalPath1 = DAL
		SccProjectUniqueName2 = Riganti.Utils.Infrastructure.Core\\Riganti.Utils.Infrastructure.Core.csproj
		SccProjectName2 = Riganti.Utils.Infrastructure.Core
		SccLocalPath2 = Riganti.Utils.Infrastructure.Core
		SccProjectUniqueName3 = Riganti.Utils.Infrastructure.EntityFramework\\Riganti.Utils.Infrastructure.EntityFramework.csproj
		SccProjectName3 = Riganti.Utils.Infrastructure.EntityFramework
		SccLocalPath3 = Riganti.Utils.Infrastructure.EntityFramework
		SccProjectUniqueName4 = ConsoleApp\\ConsoleApp.csproj
		SccProjectName4 = ConsoleApp
		SccLocalPath4 = ConsoleApp
	EndGlobalSection
EndGlobal
